
Microsoft Visual Studio Solution File, Format Version 12.00
# Visual Studio Version 16
VisualStudioVersion = 16.0.30621.155
MinimumVisualStudioVersion = 10.0.40219.1
Project("{2150E333-8FDC-42A3-9474-1A3956D46DE8}") = "1.Presentation", "1.Presentation", "{0EC4013C-6CB6-4979-B0DB-94EA6B6A833F}"
EndProject
Project("{2150E333-8FDC-42A3-9474-1A3956D46DE8}") = "2.Application", "2.Application", "{8B5C4049-8415-477E-A145-00FFB194578C}"
EndProject
Project("{2150E333-8FDC-42A3-9474-1A3956D46DE8}") = "3.Domain", "3.Domain", "{A6DAAD40-D9AE-40AD-8A79-B976E00AF88F}"
EndProject
Project("{2150E333-8FDC-42A3-9474-1A3956D46DE8}") = "4.Infrastructure", "4.Infrastructure", "{74C3E92B-F95A-4A23-B54F-4FEE57E14E63}"
EndProject
Project("{FAE04EC0-301F-11D3-BF4B-00C04F79EFBC}") = "UI.Desktop", "..\UI.Desktop\UI.Desktop.csproj", "{5A0C0AE9-BE00-4881-8D82-A75492A84FD4}"
EndProject
Project("{FAE04EC0-301F-11D3-BF4B-00C04F79EFBC}") = "UI.Web", "..\UI.Web\UI.Web.csproj", "{93CCB514-E577-4D82-8BCD-D325DF4508D0}"
EndProject
Project("{FAE04EC0-301F-11D3-BF4B-00C04F79EFBC}") = "Aplication", "..\Aplication\Aplication.csproj", "{2A4FD40B-427B-440F-AD5F-C6286528A58B}"
EndProject
Project("{FAE04EC0-301F-11D3-BF4B-00C04F79EFBC}") = "Aplication.Dto", "..\Aplication.Dto\Aplication.Dto.csproj", "{7C276BB1-22D6-4527-88C0-C81BD7727BC9}"
EndProject
Project("{FAE04EC0-301F-11D3-BF4B-00C04F79EFBC}") = "Domain.Model", "..\Domain.Model\Domain.Model.csproj", "{78ADB9E6-D111-4486-AFB6-45DD090768F5}"
EndProject
Project("{FAE04EC0-301F-11D3-BF4B-00C04F79EFBC}") = "Domain.Services", "..\Domain.Services\Domain.Services.csproj", "{9912ADB4-8B58-4E80-97BF-B8309CC5F747}"
EndProject
Project("{FAE04EC0-301F-11D3-BF4B-00C04F79EFBC}") = "Infra.DataAcess", "..\Infra.DataAcess\Infra.DataAcess.csproj", "{14DCE81F-FC7B-408E-9CD4-359C9662F870}"
EndProject
Project("{FAE04EC0-301F-11D3-BF4B-00C04F79EFBC}") = "Infra.EmailService", "..\Infra.EmailService\Infra.EmailService.csproj", "{C40623FE-74DF-41D4-AFA8-0BF52DE14316}"
EndProject
Project("{FAE04EC0-301F-11D3-BF4B-00C04F79EFBC}") = "Infra.ExternalServices", "..\Infra.ExternalServices\Infra.ExternalServices.csproj", "{D9A2FF3D-B074-4BC1-B3EB-5065C0D58334}"
EndProject
Project("{FAE04EC0-301F-11D3-BF4B-00C04F79EFBC}") = "Infra.CrossCutting", "..\Infra.CrossCutting\Infra.CrossCutting.csproj", "{73091DAC-B405-4227-B712-33E1AA914722}"
EndProject
Global
	GlobalSection(SolutionConfigurationPlatforms) = preSolution
		Debug|Any CPU = Debug|Any CPU
		Release|Any CPU = Release|Any CPU
	EndGlobalSection
	GlobalSection(ProjectConfigurationPlatforms) = postSolution
		{5A0C0AE9-BE00-4881-8D82-A75492A84FD4}.Debug|Any CPU.ActiveCfg = Debug|Any CPU
		{5A0C0AE9-BE00-4881-8D82-A75492A84FD4}.Debug|Any CPU.Build.0 = Debug|Any CPU
		{5A0C0AE9-BE00-4881-8D82-A75492A84FD4}.Release|Any CPU.ActiveCfg = Release|Any CPU
		{5A0C0AE9-BE00-4881-8D82-A75492A84FD4}.Release|Any CPU.Build.0 = Release|Any CPU
		{93CCB514-E577-4D82-8BCD-D325DF4508D0}.Debug|Any CPU.ActiveCfg = Debug|Any CPU
		{93CCB514-E577-4D82-8BCD-D325DF4508D0}.Debug|Any CPU.Build.0 = Debug|Any CPU
		{93CCB514-E577-4D82-8BCD-D325DF4508D0}.Release|Any CPU.ActiveCfg = Release|Any CPU
		{93CCB514-E577-4D82-8BCD-D325DF4508D0}.Release|Any CPU.Build.0 = Release|Any CPU
		{2A4FD40B-427B-440F-AD5F-C6286528A58B}.Debug|Any CPU.ActiveCfg = Debug|Any CPU
		{2A4FD40B-427B-440F-AD5F-C6286528A58B}.Debug|Any CPU.Build.0 = Debug|Any CPU
		{2A4FD40B-427B-440F-AD5F-C6286528A58B}.Release|Any CPU.ActiveCfg = Release|Any CPU
		{2A4FD40B-427B-440F-AD5F-C6286528A58B}.Release|Any CPU.Build.0 = Release|Any CPU
		{7C276BB1-22D6-4527-88C0-C81BD7727BC9}.Debug|Any CPU.ActiveCfg = Debug|Any CPU
		{7C276BB1-22D6-4527-88C0-C81BD7727BC9}.Debug|Any CPU.Build.0 = Debug|Any CPU
		{7C276BB1-22D6-4527-88C0-C81BD7727BC9}.Release|Any CPU.ActiveCfg = Release|Any CPU
		{7C276BB1-22D6-4527-88C0-C81BD7727BC9}.Release|Any CPU.Build.0 = Release|Any CPU
		{78ADB9E6-D111-4486-AFB6-45DD090768F5}.Debug|Any CPU.ActiveCfg = Debug|Any CPU
		{78ADB9E6-D111-4486-AFB6-45DD090768F5}.Debug|Any CPU.Build.0 = Debug|Any CPU
		{78ADB9E6-D111-4486-AFB6-45DD090768F5}.Release|Any CPU.ActiveCfg = Release|Any CPU
		{78ADB9E6-D111-4486-AFB6-45DD090768F5}.Release|Any CPU.Build.0 = Release|Any CPU
		{9912ADB4-8B58-4E80-97BF-B8309CC5F747}.Debug|Any CPU.ActiveCfg = Debug|Any CPU
		{9912ADB4-8B58-4E80-97BF-B8309CC5F747}.Debug|Any CPU.Build.0 = Debug|Any CPU
		{9912ADB4-8B58-4E80-97BF-B8309CC5F747}.Release|Any CPU.ActiveCfg = Release|Any CPU
		{9912ADB4-8B58-4E80-97BF-B8309CC5F747}.Release|Any CPU.Build.0 = Release|Any CPU
		{14DCE81F-FC7B-408E-9CD4-359C9662F870}.Debug|Any CPU.ActiveCfg = Debug|Any CPU
		{14DCE81F-FC7B-408E-9CD4-359C9662F870}.Debug|Any CPU.Build.0 = Debug|Any CPU
		{14DCE81F-FC7B-408E-9CD4-359C9662F870}.Release|Any CPU.ActiveCfg = Release|Any CPU
		{14DCE81F-FC7B-408E-9CD4-359C9662F870}.Release|Any CPU.Build.0 = Release|Any CPU
		{C40623FE-74DF-41D4-AFA8-0BF52DE14316}.Debug|Any CPU.ActiveCfg = Debug|Any CPU
		{C40623FE-74DF-41D4-AFA8-0BF52DE14316}.Debug|Any CPU.Build.0 = Debug|Any CPU
		{C40623FE-74DF-41D4-AFA8-0BF52DE14316}.Release|Any CPU.ActiveCfg = Release|Any CPU
		{C40623FE-74DF-41D4-AFA8-0BF52DE14316}.Release|Any CPU.Build.0 = Release|Any CPU
		{D9A2FF3D-B074-4BC1-B3EB-5065C0D58334}.Debug|Any CPU.ActiveCfg = Debug|Any CPU
		{D9A2FF3D-B074-4BC1-B3EB-5065C0D58334}.Debug|Any CPU.Build.0 = Debug|Any CPU
		{D9A2FF3D-B074-4BC1-B3EB-5065C0D58334}.Release|Any CPU.ActiveCfg = Release|Any CPU
		{D9A2FF3D-B074-4BC1-B3EB-5065C0D58334}.Release|Any CPU.Build.0 = Release|Any CPU
		{73091DAC-B405-4227-B712-33E1AA914722}.Debug|Any CPU.ActiveCfg = Debug|Any CPU
		{73091DAC-B405-4227-B712-33E1AA914722}.Debug|Any CPU.Build.0 = Debug|Any CPU
		{73091DAC-B405-4227-B712-33E1AA914722}.Release|Any CPU.ActiveCfg = Release|Any CPU
		{73091DAC-B405-4227-B712-33E1AA914722}.Release|Any CPU.Build.0 = Release|Any CPU
	EndGlobalSection
	GlobalSection(SolutionProperties) = preSolution
		HideSolutionNode = FALSE
	EndGlobalSection
	GlobalSection(NestedProjects) = preSolution
		{5A0C0AE9-BE00-4881-8D82-A75492A84FD4} = {0EC4013C-6CB6-4979-B0DB-94EA6B6A833F}
		{93CCB514-E577-4D82-8BCD-D325DF4508D0} = {0EC4013C-6CB6-4979-B0DB-94EA6B6A833F}
		{2A4FD40B-427B-440F-AD5F-C6286528A58B} = {8B5C4049-8415-477E-A145-00FFB194578C}
		{7C276BB1-22D6-4527-88C0-C81BD7727BC9} = {8B5C4049-8415-477E-A145-00FFB194578C}
		{78ADB9E6-D111-4486-AFB6-45DD090768F5} = {A6DAAD40-D9AE-40AD-8A79-B976E00AF88F}
		{9912ADB4-8B58-4E80-97BF-B8309CC5F747} = {A6DAAD40-D9AE-40AD-8A79-B976E00AF88F}
		{14DCE81F-FC7B-408E-9CD4-359C9662F870} = {74C3E92B-F95A-4A23-B54F-4FEE57E14E63}
		{C40623FE-74DF-41D4-AFA8-0BF52DE14316} = {74C3E92B-F95A-4A23-B54F-4FEE57E14E63}
		{D9A2FF3D-B074-4BC1-B3EB-5065C0D58334} = {74C3E92B-F95A-4A23-B54F-4FEE57E14E63}
		{73091DAC-B405-4227-B712-33E1AA914722} = {74C3E92B-F95A-4A23-B54F-4FEE57E14E63}
	EndGlobalSection
	GlobalSection(ExtensibilityGlobals) = postSolution
		SolutionGuid = {1BE43818-A97C-4770-82CA-A6F365C54A10}
	EndGlobalSection
EndGlobal
